<?xml version="1.0" encoding="utf-8"?>
<Project ToolsVersion="4.0" xmlns="http://schemas.microsoft.com/developer/msbuild/2003">
  <ItemGroup>
    <Filter Include="Source Files">
      <UniqueIdentifier>{4FC737F1-C7A5-4376-A066-2A32D752A2FF}</UniqueIdentifier>
      <Extensions>cpp;c;cc;cxx;c++;cppm;ixx;def;odl;idl;hpj;bat;asm;asmx</Extensions>
    </Filter>
    <Filter Include="Shader Stuff">
      <UniqueIdentifier>{0e43c9e4-3bfe-461e-8ec2-e319900ac775}</UniqueIdentifier>
    </Filter>
    <Filter Include="global">
      <UniqueIdentifier>{59a6808e-18f0-435c-8f21-bbfb4fa4be75}</UniqueIdentifier>
    </Filter>
    <Filter Include="Meshes, etc.">
      <UniqueIdentifier>{83b25d98-8866-48aa-8bb5-5042f2073a76}</UniqueIdentifier>
    </Filter>
    <Filter Include="Shader Stuff\Shaders">
      <UniqueIdentifier>{22ecd9f7-82be-47f2-8a09-d855619a5696}</UniqueIdentifier>
    </Filter>
  </ItemGroup>
  <ItemGroup>
    <ClCompile Include="theMainFunction.cpp">
      <Filter>Source Files</Filter>
    </ClCompile>
    <ClCompile Include="glad.c">
      <Filter>Source Files</Filter>
    </ClCompile>
    <ClCompile Include="day2BunnyPLYFileProcessor.cpp">
      <Filter>Source Files</Filter>
    </ClCompile>
    <ClCompile Include="cShader.cpp">
      <Filter>Shader Stuff</Filter>
    </ClCompile>
    <ClCompile Include="cShaderManager.cpp">
      <Filter>Shader Stuff</Filter>
    </ClCompile>
    <ClCompile Include="globalStuff.cpp">
      <Filter>global</Filter>
    </ClCompile>
    <ClCompile Include="cVAOManager.cpp">
      <Filter>Meshes, etc.</Filter>
    </ClCompile>
  </ItemGroup>
  <ItemGroup>
    <ClInclude Include="cShaderManager.h">
      <Filter>Shader Stuff</Filter>
    </ClInclude>
    <ClInclude Include="globalStuff.h">
      <Filter>global</Filter>
    </ClInclude>
    <ClInclude Include="cVAOManager.h">
      <Filter>Meshes, etc.</Filter>
    </ClInclude>
    <ClInclude Include="cMeshObject.h">
      <Filter>Meshes, etc.</Filter>
    </ClInclude>
  </ItemGroup>
  <ItemGroup>
    <None Include="assets\shaders\myFragShad.glsl">
      <Filter>Shader Stuff\Shaders</Filter>
    </None>
    <None Include="assets\shaders\myVertShad.glsl">
      <Filter>Shader Stuff\Shaders</Filter>
    </None>
    <None Include="assets\shaders\myVertShad_draws_a_dot.glsl">
      <Filter>Shader Stuff\Shaders</Filter>
    </None>
  </ItemGroup>
</Project>